
Microsoft Visual Studio Solution File, Format Version 12.00
# Visual Studio Version 17
VisualStudioVersion = 17.0.31903.59
MinimumVisualStudioVersion = 10.0.40219.1
Project("{FAE04EC0-301F-11D3-BF4B-00C04F79EFBC}") = "Yandex_LogIn_LogOut_Tests", "Yandex_LogIn_LogOut_Tests\Yandex_LogIn_LogOut_Tests.csproj", "{C20D7869-D0FB-43A1-95CB-CCAA60F46A37}"
EndProject
Global
	GlobalSection(SolutionConfigurationPlatforms) = preSolution
		Debug|Any CPU = Debug|Any CPU
		Release|Any CPU = Release|Any CPU
	EndGlobalSection
	GlobalSection(ProjectConfigurationPlatforms) = postSolution
		{C20D7869-D0FB-43A1-95CB-CCAA60F46A37}.Debug|Any CPU.ActiveCfg = Debug|Any CPU
		{C20D7869-D0FB-43A1-95CB-CCAA60F46A37}.Debug|Any CPU.Build.0 = Debug|Any CPU
		{C20D7869-D0FB-43A1-95CB-CCAA60F46A37}.Release|Any CPU.ActiveCfg = Release|Any CPU
		{C20D7869-D0FB-43A1-95CB-CCAA60F46A37}.Release|Any CPU.Build.0 = Release|Any CPU
	EndGlobalSection
	GlobalSection(SolutionProperties) = preSolution
		HideSolutionNode = FALSE
	EndGlobalSection
	GlobalSection(ExtensibilityGlobals) = postSolution
		SolutionGuid = {62330520-0EA3-4A04-B35B-98DB07499DBC}
	EndGlobalSection
EndGlobal
